
Microsoft Visual Studio Solution File, Format Version 12.00
# Visual Studio Version 16
VisualStudioVersion = 16.0.30907.101
MinimumVisualStudioVersion = 10.0.40219.1
Project("{FAE04EC0-301F-11D3-BF4B-00C04F79EFBC}") = "EmpleadoCrud_SQL", "EmpleadoCrud_SQL\EmpleadoCrud_SQL.csproj", "{F8BF2C1D-194B-43E8-87E9-A84E2C40D077}"
EndProject
Global
	GlobalSection(SolutionConfigurationPlatforms) = preSolution
		Debug|Any CPU = Debug|Any CPU
		Release|Any CPU = Release|Any CPU
	EndGlobalSection
	GlobalSection(ProjectConfigurationPlatforms) = postSolution
		{F8BF2C1D-194B-43E8-87E9-A84E2C40D077}.Debug|Any CPU.ActiveCfg = Debug|Any CPU
		{F8BF2C1D-194B-43E8-87E9-A84E2C40D077}.Debug|Any CPU.Build.0 = Debug|Any CPU
		{F8BF2C1D-194B-43E8-87E9-A84E2C40D077}.Release|Any CPU.ActiveCfg = Release|Any CPU
		{F8BF2C1D-194B-43E8-87E9-A84E2C40D077}.Release|Any CPU.Build.0 = Release|Any CPU
	EndGlobalSection
	GlobalSection(SolutionProperties) = preSolution
		HideSolutionNode = FALSE
	EndGlobalSection
	GlobalSection(ExtensibilityGlobals) = postSolution
		SolutionGuid = {5FCDF219-E581-4A34-833B-A90A05ED7F0C}
	EndGlobalSection
EndGlobal
